
Microsoft Visual Studio Solution File, Format Version 12.00
# Visual Studio Version 16
VisualStudioVersion = 16.0.30128.74
MinimumVisualStudioVersion = 10.0.40219.1
Project("{9A19103F-16F7-4668-BE54-9A1E7A4F7556}") = "ReactApp", "ReactApp.csproj", "{B90625E5-0456-471F-BEFC-A2191C850FBC}"
EndProject
Global
	GlobalSection(SolutionConfigurationPlatforms) = preSolution
		Debug|Any CPU = Debug|Any CPU
		Release|Any CPU = Release|Any CPU
	EndGlobalSection
	GlobalSection(ProjectConfigurationPlatforms) = postSolution
		{B90625E5-0456-471F-BEFC-A2191C850FBC}.Debug|Any CPU.ActiveCfg = Debug|Any CPU
		{B90625E5-0456-471F-BEFC-A2191C850FBC}.Debug|Any CPU.Build.0 = Debug|Any CPU
		{B90625E5-0456-471F-BEFC-A2191C850FBC}.Release|Any CPU.ActiveCfg = Release|Any CPU
		{B90625E5-0456-471F-BEFC-A2191C850FBC}.Release|Any CPU.Build.0 = Release|Any CPU
	EndGlobalSection
	GlobalSection(SolutionProperties) = preSolution
		HideSolutionNode = FALSE
	EndGlobalSection
	GlobalSection(ExtensibilityGlobals) = postSolution
		SolutionGuid = {503659C3-D58F-4DC6-BBBF-3D8297DD8D74}
	EndGlobalSection
EndGlobal
