
Microsoft Visual Studio Solution File, Format Version 12.00
# Visual Studio Version 16
VisualStudioVersion = 16.0.30225.117
MinimumVisualStudioVersion = 10.0.40219.1
Project("{9A19103F-16F7-4668-BE54-9A1E7A4F7556}") = "PrimeNumbers", "PrimeNumbers\PrimeNumbers.csproj", "{96A05FAA-375E-43C2-BF67-6B61E086B66E}"
EndProject
Global
	GlobalSection(SolutionConfigurationPlatforms) = preSolution
		Debug|Any CPU = Debug|Any CPU
		Release|Any CPU = Release|Any CPU
	EndGlobalSection
	GlobalSection(ProjectConfigurationPlatforms) = postSolution
		{96A05FAA-375E-43C2-BF67-6B61E086B66E}.Debug|Any CPU.ActiveCfg = Debug|Any CPU
		{96A05FAA-375E-43C2-BF67-6B61E086B66E}.Debug|Any CPU.Build.0 = Debug|Any CPU
		{96A05FAA-375E-43C2-BF67-6B61E086B66E}.Release|Any CPU.ActiveCfg = Release|Any CPU
		{96A05FAA-375E-43C2-BF67-6B61E086B66E}.Release|Any CPU.Build.0 = Release|Any CPU
	EndGlobalSection
	GlobalSection(SolutionProperties) = preSolution
		HideSolutionNode = FALSE
	EndGlobalSection
	GlobalSection(ExtensibilityGlobals) = postSolution
		SolutionGuid = {E1D1D07B-E6F9-495A-AE31-A3BF4E0165B1}
	EndGlobalSection
EndGlobal
